{
  "name": "lab1",
  "version": "1.0.0",
  "lockfileVersion": 2,
  "requires": true,
  "packages": {
    "": {
      "name": "lab1",
      "version": "1.0.0",
      "license": "ISC",
      "dependencies": {
        "@tweakpane/core": "^1.0.9",
        "three": "^0.139.2",
        "tweakpane": "^3.0.8"
      }
    },
    "node_modules/@tweakpane/core": {
      "version": "1.0.9",
      "resolved": "https://registry.npmjs.org/@tweakpane/core/-/core-1.0.9.tgz",
      "integrity": "sha512-vvS0IGhJ9Wq37vgldgF9Ohh5BA0RKapffhzyTN84170nt/0SCreXB9zIMLlbL4ZxvCKAKJ0080wJHS5aVhf20Q=="
    },
    "node_modules/three": {
      "version": "0.139.2",
      "resolved": "https://registry.npmjs.org/three/-/three-0.139.2.tgz",
      "integrity": "sha512-gV7q7QY8rogu7HLFZR9cWnOQAUedUhu2WXAnpr2kdXZP9YDKsG/0ychwQvWkZN5PlNw9mv5MoCTin6zNTXoONg=="
    },
    "node_modules/tweakpane": {
      "version": "3.0.8",
      "resolved": "https://registry.npmjs.org/tweakpane/-/tweakpane-3.0.8.tgz",
      "integrity": "sha512-vJuB0346B6gMpxnFDJyy2wcEshkvcTpQ74TCqJTeFaDvzq9FL29h5KszT1+YUTLlP+26OQI8PFGN8WbtOQStnQ==",
      "funding": {
        "url": "https://github.com/sponsors/cocopon"
      }
    }
  },
  "dependencies": {
    "@tweakpane/core": {
      "version": "1.0.9",
      "resolved": "https://registry.npmjs.org/@tweakpane/core/-/core-1.0.9.tgz",
      "integrity": "sha512-vvS0IGhJ9Wq37vgldgF9Ohh5BA0RKapffhzyTN84170nt/0SCreXB9zIMLlbL4ZxvCKAKJ0080wJHS5aVhf20Q=="
    },
    "three": {
      "version": "0.139.2",
      "resolved": "https://registry.npmjs.org/three/-/three-0.139.2.tgz",
      "integrity": "sha512-gV7q7QY8rogu7HLFZR9cWnOQAUedUhu2WXAnpr2kdXZP9YDKsG/0ychwQvWkZN5PlNw9mv5MoCTin6zNTXoONg=="
    },
    "tweakpane": {
      "version": "3.0.8",
      "resolved": "https://registry.npmjs.org/tweakpane/-/tweakpane-3.0.8.tgz",
      "integrity": "sha512-vJuB0346B6gMpxnFDJyy2wcEshkvcTpQ74TCqJTeFaDvzq9FL29h5KszT1+YUTLlP+26OQI8PFGN8WbtOQStnQ=="
    }
  }
}
